{
  "version": 4,
  "terraform_version": "0.12.21",
  "serial": 2,
  "lineage": "b7703136-be1c-d836-e8e5-ce78cb02913d",
  "outputs": {
    "instanceId": {
      "value": "8638715986603140271",
      "type": "string"
    },
    "instanceIp": {
      "value": "10.160.0.17",
      "type": "string"
    },
    "publicIp": {
      "value": "34.93.230.215",
      "type": "string"
    }
  },
  "resources": [
    {
      "mode": "managed",
      "type": "google_compute_instance",
      "name": "master",
      "provider": "provider.google",
      "instances": [
        {
          "schema_version": 6,
          "attributes": {
            "allow_stopping_for_update": null,
            "attached_disk": [],
            "boot_disk": [
              {
                "auto_delete": true,
                "device_name": "persistent-disk-0",
                "disk_encryption_key_raw": "",
                "disk_encryption_key_sha256": "",
                "initialize_params": [
                  {
                    "image": "https://www.googleapis.com/compute/v1/projects/centos-cloud/global/images/centos-7-v20191014",
                    "labels": {},
                    "size": 10,
                    "type": "pd-standard"
                  }
                ],
                "kms_key_self_link": "",
                "mode": "READ_WRITE",
                "source": "https://www.googleapis.com/compute/v1/projects/first-project-269313/zones/asia-south1-a/disks/sample-vm-master"
              }
            ],
            "can_ip_forward": false,
            "cpu_platform": "Intel Skylake",
            "deletion_protection": false,
            "description": "",
            "enable_display": false,
            "guest_accelerator": [],
            "hostname": "",
            "id": "projects/first-project-269313/zones/asia-south1-a/instances/sample-vm-master",
            "instance_id": "8638715986603140271",
            "label_fingerprint": "42WmSpB8rSM=",
            "labels": null,
            "machine_type": "n1-standard-1",
            "metadata": {
              "name": "nginx",
              "ssh-keys": "anaik:ssh-rsa AAAAB3NzaC1yc2EAAAADAQABAAABAQC+xHl8ZDEgBUqc8qMlTB4GgCJRFa5p5i1reXmXnGT7ixD9RzZXrpTH9GxvA9lUp1lGxkhNK/mImkX9UrQ7GxiC2HevU4pET0jmMz64a35nCrxuRgWnaEL1HVjTbjuRb8VnZScdWVouRBaU+ENEfdOIcRYa3v9d0wDAnGSuPw7IEMHPEf7Lxp1HPMtajNRIemH7UO3fw7qcSMqurm5knuJDTO5M15fVLFLbVN/rr8Q7E7WCsCUTMlTAoPtVd23heY3Q75y0qo0EbpxXW5942tGJTgNdAT2ejzY8luVBcR+zQlT1+CaFDbkVg0Raf2ltKnWhZlOlO7p7AXzvhWVdc0+F anaik@sample-vm-automation\n"
            },
            "metadata_fingerprint": "o8ek7ztqwPE=",
            "metadata_startup_script": "echo hi \u003e /test.txt",
            "min_cpu_platform": "",
            "name": "sample-vm-master",
            "network_interface": [
              {
                "access_config": [
                  {
                    "nat_ip": "34.93.230.215",
                    "network_tier": "PREMIUM",
                    "public_ptr_domain_name": ""
                  }
                ],
                "alias_ip_range": [],
                "name": "nic0",
                "network": "https://www.googleapis.com/compute/v1/projects/first-project-269313/global/networks/default",
                "network_ip": "10.160.0.17",
                "subnetwork": "https://www.googleapis.com/compute/v1/projects/first-project-269313/regions/asia-south1/subnetworks/default",
                "subnetwork_project": "first-project-269313"
              }
            ],
            "project": "first-project-269313",
            "scheduling": [
              {
                "automatic_restart": true,
                "node_affinities": [],
                "on_host_maintenance": "MIGRATE",
                "preemptible": false
              }
            ],
            "scratch_disk": [
              {
                "interface": "SCSI"
              }
            ],
            "self_link": "https://www.googleapis.com/compute/v1/projects/first-project-269313/zones/asia-south1-a/instances/sample-vm-master",
            "service_account": [
              {
                "email": "440789852219-compute@developer.gserviceaccount.com",
                "scopes": [
                  "https://www.googleapis.com/auth/compute.readonly",
                  "https://www.googleapis.com/auth/devstorage.read_only",
                  "https://www.googleapis.com/auth/userinfo.email"
                ]
              }
            ],
            "shielded_instance_config": [],
            "tags": [
              "automation",
              "webapp"
            ],
            "tags_fingerprint": "dE_lNJjQAaw=",
            "timeouts": null,
            "zone": "asia-south1-a"
          },
          "private": "eyJlMmJmYjczMC1lY2FhLTExZTYtOGY4OC0zNDM2M2JjN2M0YzAiOnsiY3JlYXRlIjoxMjAwMDAwMDAwMDAwLCJkZWxldGUiOjEyMDAwMDAwMDAwMDAsInVwZGF0ZSI6MTIwMDAwMDAwMDAwMH0sInNjaGVtYV92ZXJzaW9uIjoiNiJ9"
        }
      ]
    }
  ]
}
