{
    "version": 3,
    "terraform_version": "0.11.10",
    "serial": 4,
    "lineage": "dab3dd01-c627-5677-b641-bd55c22ae775",
    "modules": [
        {
            "path": [
                "root"
            ],
            "outputs": {
                "instanceId": {
                    "sensitive": false,
                    "type": "string",
                    "value": "6348946682041331812"
                },
                "instanceIp": {
                    "sensitive": false,
                    "type": "string",
                    "value": "10.160.0.16"
                },
                "publicIp": {
                    "sensitive": false,
                    "type": "string",
                    "value": "35.200.233.63"
                }
            },
            "resources": {
                "google_compute_instance.automation": {
                    "type": "google_compute_instance",
                    "depends_on": [],
                    "primary": {
                        "id": "sample-vm-automation",
                        "attributes": {
                            "attached_disk.#": "0",
                            "boot_disk.#": "1",
                            "boot_disk.0.auto_delete": "true",
                            "boot_disk.0.device_name": "persistent-disk-0",
                            "boot_disk.0.disk_encryption_key_raw": "",
                            "boot_disk.0.disk_encryption_key_sha256": "",
                            "boot_disk.0.initialize_params.#": "1",
                            "boot_disk.0.initialize_params.0.image": "https://www.googleapis.com/compute/v1/projects/centos-cloud/global/images/centos-7-v20191014",
                            "boot_disk.0.initialize_params.0.labels.%": "0",
                            "boot_disk.0.initialize_params.0.size": "10",
                            "boot_disk.0.initialize_params.0.type": "pd-standard",
                            "boot_disk.0.kms_key_self_link": "",
                            "boot_disk.0.mode": "READ_WRITE",
                            "boot_disk.0.source": "https://www.googleapis.com/compute/v1/projects/first-project-269313/zones/asia-south1-a/disks/sample-vm-automation",
                            "can_ip_forward": "false",
                            "cpu_platform": "Intel Skylake",
                            "deletion_protection": "false",
                            "description": "",
                            "enable_display": "false",
                            "guest_accelerator.#": "0",
                            "hostname": "",
                            "id": "sample-vm-automation",
                            "instance_id": "6348946682041331812",
                            "label_fingerprint": "42WmSpB8rSM=",
                            "labels.%": "0",
                            "machine_type": "n1-standard-1",
                            "metadata.%": "2",
                            "metadata.name": "nginx",
                            "metadata.ssh-keys": "anaik:ssh-rsa AAAAB3NzaC1yc2EAAAADAQABAAABAQDEkFDFM2naGZ7B6PsYrgCqkzj6O143GyelKi9EjdobH0lxKp3PdVd01j9gSkM8sfBNSywVneE56iABDzeCMPYiAHvv495aoRXd6U7lx+TWy3rgpTAS4g9cxkzu1q8YxDHe1SA4r24BHi/c0xWwRFOuV6wt9O+mE19SgCoUiWMtPWde8FlP09+3gGtEe+yXSXy3AuFAvUEW4hgnJ+d5WsyWSx1QiTrdQMYo66YObvJFF67hqZY9QrLHRRJsRBQYKfpPm862Ro3t4DJi2PmOf7WPtVq4sbi3quYAxiB6LUwrI8jseRirsyh3NGGYOUPp9hOnmv84zzFI++FWw5zAbkHT i501950@global@INLN34327422A\r\n",
                            "metadata_fingerprint": "jLgzknMQeJg=",
                            "metadata_startup_script": "echo hi \u003e /test.txt",
                            "min_cpu_platform": "",
                            "name": "sample-vm-automation",
                            "network_interface.#": "1",
                            "network_interface.0.access_config.#": "1",
                            "network_interface.0.access_config.0.assigned_nat_ip": "",
                            "network_interface.0.access_config.0.nat_ip": "35.200.233.63",
                            "network_interface.0.access_config.0.network_tier": "PREMIUM",
                            "network_interface.0.access_config.0.public_ptr_domain_name": "",
                            "network_interface.0.address": "",
                            "network_interface.0.alias_ip_range.#": "0",
                            "network_interface.0.name": "nic0",
                            "network_interface.0.network": "https://www.googleapis.com/compute/v1/projects/first-project-269313/global/networks/default",
                            "network_interface.0.network_ip": "10.160.0.16",
                            "network_interface.0.subnetwork": "https://www.googleapis.com/compute/v1/projects/first-project-269313/regions/asia-south1/subnetworks/default",
                            "network_interface.0.subnetwork_project": "first-project-269313",
                            "project": "first-project-269313",
                            "scheduling.#": "1",
                            "scheduling.0.automatic_restart": "true",
                            "scheduling.0.node_affinities.#": "0",
                            "scheduling.0.on_host_maintenance": "MIGRATE",
                            "scheduling.0.preemptible": "false",
                            "scratch_disk.#": "1",
                            "scratch_disk.0.interface": "SCSI",
                            "self_link": "https://www.googleapis.com/compute/v1/projects/first-project-269313/zones/asia-south1-a/instances/sample-vm-automation",
                            "service_account.#": "1",
                            "service_account.0.email": "440789852219-compute@developer.gserviceaccount.com",
                            "service_account.0.scopes.#": "3",
                            "service_account.0.scopes.1632638332": "https://www.googleapis.com/auth/devstorage.read_only",
                            "service_account.0.scopes.2428168921": "https://www.googleapis.com/auth/userinfo.email",
                            "service_account.0.scopes.2862113455": "https://www.googleapis.com/auth/compute.readonly",
                            "shielded_instance_config.#": "0",
                            "tags.#": "2",
                            "tags.1362621106": "webapp",
                            "tags.3379797230": "automation",
                            "tags_fingerprint": "dE_lNJjQAaw=",
                            "zone": "asia-south1-a"
                        },
                        "meta": {
                            "e2bfb730-ecaa-11e6-8f88-34363bc7c4c0": {
                                "create": 1200000000000,
                                "delete": 1200000000000,
                                "update": 1200000000000
                            },
                            "schema_version": "6"
                        },
                        "tainted": false
                    },
                    "deposed": [],
                    "provider": "provider.google"
                }
            },
            "depends_on": []
        }
    ]
}
